
Microsoft Visual Studio Solution File, Format Version 12.00
# Visual Studio Version 17
VisualStudioVersion = 17.12.35527.113
MinimumVisualStudioVersion = 10.0.40219.1
Project("{FAE04EC0-301F-11D3-BF4B-00C04F79EFBC}") = "Schism.Hub.Abstractions", "Schism.Hub.Abstractions\Schism.Hub.Abstractions.csproj", "{6C3515C0-63F4-404A-9028-7B6288F8B200}"
EndProject
Project("{FAE04EC0-301F-11D3-BF4B-00C04F79EFBC}") = "Schism.Hub", "Schism.Hub\Schism.Hub.csproj", "{48B589FF-5602-4B7B-8474-E18B24D564D2}"
EndProject
Project("{FAE04EC0-301F-11D3-BF4B-00C04F79EFBC}") = "Schism.Lib.Core", "Schism.Lib.Core\Schism.Lib.Core.csproj", "{1C42E017-13A5-4AED-AAE0-F1651A775879}"
EndProject
Project("{FAE04EC0-301F-11D3-BF4B-00C04F79EFBC}") = "Schism.Lib.Http", "Schism.Lib.Http\Schism.Lib.Http.csproj", "{6C1AD1A3-B701-4140-BD59-E350910B4163}"
EndProject
Project("{FAE04EC0-301F-11D3-BF4B-00C04F79EFBC}") = "Schism.Lib.ServiceBus", "Schism.Lib.ServiceBus\Schism.Lib.ServiceBus.csproj", "{9892B283-3959-4AD1-81B1-7F87AF76F3E5}"
EndProject
Project("{FAE04EC0-301F-11D3-BF4B-00C04F79EFBC}") = "Schism.Tests.Core", "Schism.Tests.Core\Schism.Tests.Core.csproj", "{A15ED243-9BAF-4F49-A815-43E811AACB9D}"
EndProject
Project("{FAE04EC0-301F-11D3-BF4B-00C04F79EFBC}") = "Schism.Tests.Http", "Schism.Tests.Http\Schism.Tests.Http.csproj", "{DB96667C-DB13-4E8B-B5E2-AB30492CF83F}"
EndProject
Project("{FAE04EC0-301F-11D3-BF4B-00C04F79EFBC}") = "Schism.Tests.ServiceBus", "Schism.Tests.ServiceBus\Schism.Tests.ServiceBus.csproj", "{9A2BFC3E-9B84-4C00-899B-D04C3464D50F}"
EndProject
Project("{2150E333-8FDC-42A3-9474-1A3956D46DE8}") = "Examples", "Examples", "{50BB912D-6D97-4424-8663-C97A6EA6D10A}"
EndProject
Project("{FAE04EC0-301F-11D3-BF4B-00C04F79EFBC}") = "Example.Service", "Examples\Example.Service\Example.Service.csproj", "{0317C2F2-1ECC-4006-8CF9-869485539712}"
EndProject
Project("{2150E333-8FDC-42A3-9474-1A3956D46DE8}") = "Hub", "Hub", "{923EFCB7-0064-4D3D-A93F-7E54479A2A9A}"
EndProject
Project("{2150E333-8FDC-42A3-9474-1A3956D46DE8}") = "Lib", "Lib", "{76D9E723-676C-4258-B669-4DECAC34CC8D}"
EndProject
Project("{2150E333-8FDC-42A3-9474-1A3956D46DE8}") = "Tests", "Tests", "{A4451B4A-29E3-4159-AE41-DB1353333DC1}"
EndProject
Project("{FAE04EC0-301F-11D3-BF4B-00C04F79EFBC}") = "Example.Shared", "Examples\Example.Shared\Example.Shared.csproj", "{F1D45F58-B246-498B-BA88-B6ED87696126}"
EndProject
Project("{FAE04EC0-301F-11D3-BF4B-00C04F79EFBC}") = "Example.Service.Math", "Examples\Example.Service.Math\Example.Service.Math.csproj", "{064125AD-B855-4CAC-85DC-AF001305ECBF}"
EndProject
Project("{FAE04EC0-301F-11D3-BF4B-00C04F79EFBC}") = "Example.Service.DataCollection", "Examples\Example.Service.DataCollection\Example.Service.DataCollection.csproj", "{140E73F6-FD8B-4834-8DEE-A2AF9F59FB12}"
EndProject
Project("{FAE04EC0-301F-11D3-BF4B-00C04F79EFBC}") = "Example.Service.Converter", "Examples\Example.Service.Converter\Example.Service.Converter.csproj", "{FB551D2D-388C-4C5C-9FF6-9A0F538588AE}"
EndProject
Project("{FAE04EC0-301F-11D3-BF4B-00C04F79EFBC}") = "Schism.Hub.Migrations.Pgsql", "Schism.Hub.Migrations.Pgsql\Schism.Hub.Migrations.Pgsql.csproj", "{71094E8E-13B5-45C6-A51D-9B956CC70C47}"
EndProject
Project("{2150E333-8FDC-42A3-9474-1A3956D46DE8}") = "Solution Items", "Solution Items", "{9A1F38DC-886F-4A56-8796-3DE536341B55}"
	ProjectSection(SolutionItems) = preProject
		.editorconfig = .editorconfig
		README.md = README.md
	EndProjectSection
EndProject
Global
	GlobalSection(SolutionConfigurationPlatforms) = preSolution
		Debug|Any CPU = Debug|Any CPU
		Release|Any CPU = Release|Any CPU
	EndGlobalSection
	GlobalSection(ProjectConfigurationPlatforms) = postSolution
		{6C3515C0-63F4-404A-9028-7B6288F8B200}.Debug|Any CPU.ActiveCfg = Debug|Any CPU
		{6C3515C0-63F4-404A-9028-7B6288F8B200}.Debug|Any CPU.Build.0 = Debug|Any CPU
		{6C3515C0-63F4-404A-9028-7B6288F8B200}.Release|Any CPU.ActiveCfg = Release|Any CPU
		{6C3515C0-63F4-404A-9028-7B6288F8B200}.Release|Any CPU.Build.0 = Release|Any CPU
		{48B589FF-5602-4B7B-8474-E18B24D564D2}.Debug|Any CPU.ActiveCfg = Debug|Any CPU
		{48B589FF-5602-4B7B-8474-E18B24D564D2}.Debug|Any CPU.Build.0 = Debug|Any CPU
		{48B589FF-5602-4B7B-8474-E18B24D564D2}.Release|Any CPU.ActiveCfg = Release|Any CPU
		{48B589FF-5602-4B7B-8474-E18B24D564D2}.Release|Any CPU.Build.0 = Release|Any CPU
		{1C42E017-13A5-4AED-AAE0-F1651A775879}.Debug|Any CPU.ActiveCfg = Debug|Any CPU
		{1C42E017-13A5-4AED-AAE0-F1651A775879}.Debug|Any CPU.Build.0 = Debug|Any CPU
		{1C42E017-13A5-4AED-AAE0-F1651A775879}.Release|Any CPU.ActiveCfg = Release|Any CPU
		{1C42E017-13A5-4AED-AAE0-F1651A775879}.Release|Any CPU.Build.0 = Release|Any CPU
		{6C1AD1A3-B701-4140-BD59-E350910B4163}.Debug|Any CPU.ActiveCfg = Debug|Any CPU
		{6C1AD1A3-B701-4140-BD59-E350910B4163}.Debug|Any CPU.Build.0 = Debug|Any CPU
		{6C1AD1A3-B701-4140-BD59-E350910B4163}.Release|Any CPU.ActiveCfg = Release|Any CPU
		{6C1AD1A3-B701-4140-BD59-E350910B4163}.Release|Any CPU.Build.0 = Release|Any CPU
		{9892B283-3959-4AD1-81B1-7F87AF76F3E5}.Debug|Any CPU.ActiveCfg = Debug|Any CPU
		{9892B283-3959-4AD1-81B1-7F87AF76F3E5}.Debug|Any CPU.Build.0 = Debug|Any CPU
		{9892B283-3959-4AD1-81B1-7F87AF76F3E5}.Release|Any CPU.ActiveCfg = Release|Any CPU
		{9892B283-3959-4AD1-81B1-7F87AF76F3E5}.Release|Any CPU.Build.0 = Release|Any CPU
		{A15ED243-9BAF-4F49-A815-43E811AACB9D}.Debug|Any CPU.ActiveCfg = Debug|Any CPU
		{A15ED243-9BAF-4F49-A815-43E811AACB9D}.Debug|Any CPU.Build.0 = Debug|Any CPU
		{A15ED243-9BAF-4F49-A815-43E811AACB9D}.Release|Any CPU.ActiveCfg = Release|Any CPU
		{A15ED243-9BAF-4F49-A815-43E811AACB9D}.Release|Any CPU.Build.0 = Release|Any CPU
		{DB96667C-DB13-4E8B-B5E2-AB30492CF83F}.Debug|Any CPU.ActiveCfg = Debug|Any CPU
		{DB96667C-DB13-4E8B-B5E2-AB30492CF83F}.Debug|Any CPU.Build.0 = Debug|Any CPU
		{DB96667C-DB13-4E8B-B5E2-AB30492CF83F}.Release|Any CPU.ActiveCfg = Release|Any CPU
		{DB96667C-DB13-4E8B-B5E2-AB30492CF83F}.Release|Any CPU.Build.0 = Release|Any CPU
		{9A2BFC3E-9B84-4C00-899B-D04C3464D50F}.Debug|Any CPU.ActiveCfg = Debug|Any CPU
		{9A2BFC3E-9B84-4C00-899B-D04C3464D50F}.Debug|Any CPU.Build.0 = Debug|Any CPU
		{9A2BFC3E-9B84-4C00-899B-D04C3464D50F}.Release|Any CPU.ActiveCfg = Release|Any CPU
		{9A2BFC3E-9B84-4C00-899B-D04C3464D50F}.Release|Any CPU.Build.0 = Release|Any CPU
		{0317C2F2-1ECC-4006-8CF9-869485539712}.Debug|Any CPU.ActiveCfg = Debug|Any CPU
		{0317C2F2-1ECC-4006-8CF9-869485539712}.Debug|Any CPU.Build.0 = Debug|Any CPU
		{0317C2F2-1ECC-4006-8CF9-869485539712}.Release|Any CPU.ActiveCfg = Release|Any CPU
		{0317C2F2-1ECC-4006-8CF9-869485539712}.Release|Any CPU.Build.0 = Release|Any CPU
		{F1D45F58-B246-498B-BA88-B6ED87696126}.Debug|Any CPU.ActiveCfg = Debug|Any CPU
		{F1D45F58-B246-498B-BA88-B6ED87696126}.Debug|Any CPU.Build.0 = Debug|Any CPU
		{F1D45F58-B246-498B-BA88-B6ED87696126}.Release|Any CPU.ActiveCfg = Release|Any CPU
		{F1D45F58-B246-498B-BA88-B6ED87696126}.Release|Any CPU.Build.0 = Release|Any CPU
		{064125AD-B855-4CAC-85DC-AF001305ECBF}.Debug|Any CPU.ActiveCfg = Debug|Any CPU
		{064125AD-B855-4CAC-85DC-AF001305ECBF}.Debug|Any CPU.Build.0 = Debug|Any CPU
		{064125AD-B855-4CAC-85DC-AF001305ECBF}.Release|Any CPU.ActiveCfg = Release|Any CPU
		{064125AD-B855-4CAC-85DC-AF001305ECBF}.Release|Any CPU.Build.0 = Release|Any CPU
		{140E73F6-FD8B-4834-8DEE-A2AF9F59FB12}.Debug|Any CPU.ActiveCfg = Debug|Any CPU
		{140E73F6-FD8B-4834-8DEE-A2AF9F59FB12}.Debug|Any CPU.Build.0 = Debug|Any CPU
		{140E73F6-FD8B-4834-8DEE-A2AF9F59FB12}.Release|Any CPU.ActiveCfg = Release|Any CPU
		{140E73F6-FD8B-4834-8DEE-A2AF9F59FB12}.Release|Any CPU.Build.0 = Release|Any CPU
		{FB551D2D-388C-4C5C-9FF6-9A0F538588AE}.Debug|Any CPU.ActiveCfg = Debug|Any CPU
		{FB551D2D-388C-4C5C-9FF6-9A0F538588AE}.Debug|Any CPU.Build.0 = Debug|Any CPU
		{FB551D2D-388C-4C5C-9FF6-9A0F538588AE}.Release|Any CPU.ActiveCfg = Release|Any CPU
		{FB551D2D-388C-4C5C-9FF6-9A0F538588AE}.Release|Any CPU.Build.0 = Release|Any CPU
		{71094E8E-13B5-45C6-A51D-9B956CC70C47}.Debug|Any CPU.ActiveCfg = Debug|Any CPU
		{71094E8E-13B5-45C6-A51D-9B956CC70C47}.Debug|Any CPU.Build.0 = Debug|Any CPU
		{71094E8E-13B5-45C6-A51D-9B956CC70C47}.Release|Any CPU.ActiveCfg = Release|Any CPU
		{71094E8E-13B5-45C6-A51D-9B956CC70C47}.Release|Any CPU.Build.0 = Release|Any CPU
	EndGlobalSection
	GlobalSection(SolutionProperties) = preSolution
		HideSolutionNode = FALSE
	EndGlobalSection
	GlobalSection(NestedProjects) = preSolution
		{6C3515C0-63F4-404A-9028-7B6288F8B200} = {923EFCB7-0064-4D3D-A93F-7E54479A2A9A}
		{48B589FF-5602-4B7B-8474-E18B24D564D2} = {923EFCB7-0064-4D3D-A93F-7E54479A2A9A}
		{1C42E017-13A5-4AED-AAE0-F1651A775879} = {76D9E723-676C-4258-B669-4DECAC34CC8D}
		{6C1AD1A3-B701-4140-BD59-E350910B4163} = {76D9E723-676C-4258-B669-4DECAC34CC8D}
		{9892B283-3959-4AD1-81B1-7F87AF76F3E5} = {76D9E723-676C-4258-B669-4DECAC34CC8D}
		{A15ED243-9BAF-4F49-A815-43E811AACB9D} = {A4451B4A-29E3-4159-AE41-DB1353333DC1}
		{DB96667C-DB13-4E8B-B5E2-AB30492CF83F} = {A4451B4A-29E3-4159-AE41-DB1353333DC1}
		{9A2BFC3E-9B84-4C00-899B-D04C3464D50F} = {A4451B4A-29E3-4159-AE41-DB1353333DC1}
		{0317C2F2-1ECC-4006-8CF9-869485539712} = {50BB912D-6D97-4424-8663-C97A6EA6D10A}
		{F1D45F58-B246-498B-BA88-B6ED87696126} = {50BB912D-6D97-4424-8663-C97A6EA6D10A}
		{064125AD-B855-4CAC-85DC-AF001305ECBF} = {50BB912D-6D97-4424-8663-C97A6EA6D10A}
		{140E73F6-FD8B-4834-8DEE-A2AF9F59FB12} = {50BB912D-6D97-4424-8663-C97A6EA6D10A}
		{FB551D2D-388C-4C5C-9FF6-9A0F538588AE} = {50BB912D-6D97-4424-8663-C97A6EA6D10A}
		{71094E8E-13B5-45C6-A51D-9B956CC70C47} = {923EFCB7-0064-4D3D-A93F-7E54479A2A9A}
	EndGlobalSection
EndGlobal
